{
  "name": "@hexlet/code",
  "version": "1.0.0",
  "lockfileVersion": 2,
  "requires": true,
  "packages": {
    "": {
      "name": "@hexlet/code",
      "version": "1.0.0",
      "license": "ISC",
      "bin": {
        "brain-games": "bin/brain-games.js"
      },
      "devDependencies": {
        "strict": "^0.0.0",
        "use": "^3.1.1"
      }
    },
    "node_modules/strict": {
      "version": "0.0.0",
      "resolved": "https://registry.npmjs.org/strict/-/strict-0.0.0.tgz",
      "integrity": "sha512-AIJqahmzPy+Mk+aCxYXi8d7J0JWoWS0R2V4qBSAVWcxWrhgUrQpQTRdPnUJhxR7SEMHtZl9pC2rRyvezs50zUg==",
      "dev": true
    },
    "node_modules/use": {
      "version": "3.1.1",
      "resolved": "https://registry.npmjs.org/use/-/use-3.1.1.tgz",
      "integrity": "sha512-cwESVXlO3url9YWlFW/TA9cshCEhtu7IKJ/p5soJ/gGpj7vbvFrAY/eIioQ6Dw23KjZhYgiIo8HOs1nQ2vr/oQ==",
      "dev": true,
      "engines": {
        "node": ">=0.10.0"
      }
    }
  },
  "dependencies": {
    "strict": {
      "version": "0.0.0",
      "resolved": "https://registry.npmjs.org/strict/-/strict-0.0.0.tgz",
      "integrity": "sha512-AIJqahmzPy+Mk+aCxYXi8d7J0JWoWS0R2V4qBSAVWcxWrhgUrQpQTRdPnUJhxR7SEMHtZl9pC2rRyvezs50zUg==",
      "dev": true
    },
    "use": {
      "version": "3.1.1",
      "resolved": "https://registry.npmjs.org/use/-/use-3.1.1.tgz",
      "integrity": "sha512-cwESVXlO3url9YWlFW/TA9cshCEhtu7IKJ/p5soJ/gGpj7vbvFrAY/eIioQ6Dw23KjZhYgiIo8HOs1nQ2vr/oQ==",
      "dev": true
    }
  }
}
